# THIS IS AN AUTOGENERATED FILE. DO NOT EDIT THIS FILE DIRECTLY.
# yarn lockfile v1


bootstrap-4.1.3-rtl@^1.0.1:
  version "1.0.1"
  resolved "https://registry.yarnpkg.com/bootstrap-4.1.3-rtl/-/bootstrap-4.1.3-rtl-1.0.1.tgz#ee6993ad0c0a1266836f2b611163311f2e91a61a"
  integrity sha512-W53ZJ4VUj/v0dZ4loFlmXe0x3PC4IlqKQORJPhQu03wiZQOUeG9ZdUr4IANAIKkvRouFeQvb5JyrQDPqUuIhkA==
