# THIS IS AN AUTOGENERATED FILE. DO NOT EDIT THIS FILE DIRECTLY.
# yarn lockfile v1


bulma@^0.9.3:
  version "0.9.3"
  resolved "https://registry.yarnpkg.com/bulma/-/bulma-0.9.3.tgz#ddccb7436ebe3e21bf47afe01d3c43a296b70243"
  integrity sha512-0d7GNW1PY4ud8TWxdNcP6Cc8Bu7MxcntD/RRLGWuiw/s0a9P+XlH/6QoOIrmbj6o8WWJzJYhytiu9nFjTszk1g==
